
Microsoft Visual Studio Solution File, Format Version 12.00
# Visual Studio Version 16
VisualStudioVersion = 16.0.29509.3
MinimumVisualStudioVersion = 10.0.40219.1
Project("{FAE04EC0-301F-11D3-BF4B-00C04F79EFBC}") = "adyTask2", "adyTask2\adyTask2.csproj", "{2A5C5F81-7775-499F-8DAF-D7F50365823F}"
EndProject
Global
	GlobalSection(SolutionConfigurationPlatforms) = preSolution
		Debug|Any CPU = Debug|Any CPU
		Release|Any CPU = Release|Any CPU
	EndGlobalSection
	GlobalSection(ProjectConfigurationPlatforms) = postSolution
		{2A5C5F81-7775-499F-8DAF-D7F50365823F}.Debug|Any CPU.ActiveCfg = Debug|Any CPU
		{2A5C5F81-7775-499F-8DAF-D7F50365823F}.Debug|Any CPU.Build.0 = Debug|Any CPU
		{2A5C5F81-7775-499F-8DAF-D7F50365823F}.Release|Any CPU.ActiveCfg = Release|Any CPU
		{2A5C5F81-7775-499F-8DAF-D7F50365823F}.Release|Any CPU.Build.0 = Release|Any CPU
	EndGlobalSection
	GlobalSection(SolutionProperties) = preSolution
		HideSolutionNode = FALSE
	EndGlobalSection
	GlobalSection(ExtensibilityGlobals) = postSolution
		SolutionGuid = {016FFBE4-6EC0-4377-B0AA-65BDD2B80B14}
	EndGlobalSection
EndGlobal
